<?xml version="1.0" encoding="utf-8"?>
<Project ToolsVersion="4.0" xmlns="http://schemas.microsoft.com/developer/msbuild/2003">
  <ItemGroup>
    <Filter Include="Source Files">
      <UniqueIdentifier>{4FC737F1-C7A5-4376-A066-2A32D752A2FF}</UniqueIdentifier>
      <Extensions>cpp;c;cc;cxx;def;odl;idl;hpj;bat;asm;asmx</Extensions>
    </Filter>
    <Filter Include="Header Files">
      <UniqueIdentifier>{93995380-89BD-4b04-88EB-625FBE52EBFB}</UniqueIdentifier>
      <Extensions>h;hh;hpp;hxx;hm;inl;inc;xsd</Extensions>
    </Filter>
    <Filter Include="Resource Files">
      <UniqueIdentifier>{67DA6AB6-F800-4c08-8B7A-83BB121AAD01}</UniqueIdentifier>
      <Extensions>rc;ico;cur;bmp;dlg;rc2;rct;bin;rgs;gif;jpg;jpeg;jpe;resx;tiff;tif;png;wav;mfcribbon-ms</Extensions>
    </Filter>
    <Filter Include="Header Files\GameStates">
      <UniqueIdentifier>{3e4af38e-9536-4e5a-a58f-8d26869ecdec}</UniqueIdentifier>
    </Filter>
    <Filter Include="Source Files\GameStates">
      <UniqueIdentifier>{32dfe163-7fe2-4eb2-8e72-754d96fb9502}</UniqueIdentifier>
    </Filter>
    <Filter Include="Header Files\Components">
      <UniqueIdentifier>{f2f52fb6-8ea6-4f99-83e2-f4ee2112032f}</UniqueIdentifier>
    </Filter>
    <Filter Include="Source Files\Components">
      <UniqueIdentifier>{e744a64b-08c5-47f1-a1ec-1c3b758678db}</UniqueIdentifier>
    </Filter>
    <Filter Include="Header Files\Interfaces">
      <UniqueIdentifier>{73b5c19c-0538-4085-9139-c79c29e36f08}</UniqueIdentifier>
    </Filter>
    <Filter Include="Header Files\Spawning">
      <UniqueIdentifier>{b89f9e71-6eb6-46d2-a29b-c4161da3b74d}</UniqueIdentifier>
    </Filter>
    <Filter Include="Source Files\Spawning">
      <UniqueIdentifier>{73e788da-cef8-4037-a6ae-35a4b0967661}</UniqueIdentifier>
    </Filter>
    <Filter Include="Header Files\DataManagement">
      <UniqueIdentifier>{b31f8dbd-04f8-43a9-973d-4d84f71c8533}</UniqueIdentifier>
    </Filter>
    <Filter Include="Source Files\DataManagement">
      <UniqueIdentifier>{df64e560-7550-440d-815d-d0da29969408}</UniqueIdentifier>
    </Filter>
    <Filter Include="Data">
      <UniqueIdentifier>{5a585dfd-6bd7-4bfb-b8b9-94c3cdf5f341}</UniqueIdentifier>
    </Filter>
    <Filter Include="Header Files\UI">
      <UniqueIdentifier>{409a4269-ad4b-4f33-8028-5fad1f6fee90}</UniqueIdentifier>
    </Filter>
    <Filter Include="Source Files\UI">
      <UniqueIdentifier>{d589846b-00e5-43c4-8f1a-5a0d3250edf6}</UniqueIdentifier>
    </Filter>
    <Filter Include="Header Files\UI\HardPointEditorElements">
      <UniqueIdentifier>{bcdf8e33-70a3-4ec6-bff7-73b7dfb419d7}</UniqueIdentifier>
    </Filter>
    <Filter Include="Source Files\UI\HardPointEditorElements">
      <UniqueIdentifier>{b1252eac-2a7f-49a8-b247-2491577cba9c}</UniqueIdentifier>
    </Filter>
    <Filter Include="Header Files\UI\InventoryElements">
      <UniqueIdentifier>{40e34f93-02c7-4979-a623-b6dd40cb8722}</UniqueIdentifier>
    </Filter>
    <Filter Include="Source Files\UI\InventoryElements">
      <UniqueIdentifier>{2fffccea-7bd1-4e85-b383-fb3d33bb982d}</UniqueIdentifier>
    </Filter>
    <Filter Include="Header Files\Economy">
      <UniqueIdentifier>{ccfa8c66-b403-442e-bba9-22330acf37de}</UniqueIdentifier>
    </Filter>
    <Filter Include="Source Files\Economy">
      <UniqueIdentifier>{9ce49331-18b5-4c33-a0f8-b59f1e03cb3b}</UniqueIdentifier>
    </Filter>
    <Filter Include="Header Files\Rigs">
      <UniqueIdentifier>{285282c8-4734-483b-8475-2ddc450c0ed2}</UniqueIdentifier>
    </Filter>
    <Filter Include="Source Files\Rigs">
      <UniqueIdentifier>{0cfd7cc2-1620-441a-a633-3f9e5f492602}</UniqueIdentifier>
    </Filter>
    <Filter Include="Header Files\UI\RigEditorElements">
      <UniqueIdentifier>{7a1c20a7-319a-4ca5-ac89-c37b9b7e6043}</UniqueIdentifier>
    </Filter>
    <Filter Include="Source Files\UI\RigEditorElements">
      <UniqueIdentifier>{3577c060-c424-4203-813c-62832f5f6178}</UniqueIdentifier>
    </Filter>
  </ItemGroup>
  <ItemGroup>
    <ClCompile Include="main.cpp">
      <Filter>Source Files</Filter>
    </ClCompile>
    <ClCompile Include="Entity.cpp">
      <Filter>Source Files</Filter>
    </ClCompile>
    <ClCompile Include="EntityManager.cpp">
      <Filter>Source Files</Filter>
    </ClCompile>
    <ClCompile Include="InitialGameState.cpp">
      <Filter>Source Files\GameStates</Filter>
    </ClCompile>
    <ClCompile Include="GameStateManager.cpp">
      <Filter>Source Files\GameStates</Filter>
    </ClCompile>
    <ClCompile Include="Components\CirclePrimitive.cpp">
      <Filter>Source Files\Components</Filter>
    </ClCompile>
    <ClCompile Include="Components\DirectionalVelocity.cpp">
      <Filter>Source Files\Components</Filter>
    </ClCompile>
    <ClCompile Include="Components\ParallaxMovement.cpp">
      <Filter>Source Files\Components</Filter>
    </ClCompile>
    <ClCompile Include="Components\Physics.cpp">
      <Filter>Source Files\Components</Filter>
    </ClCompile>
    <ClCompile Include="Components\RectPrimitive.cpp">
      <Filter>Source Files\Components</Filter>
    </ClCompile>
    <ClCompile Include="Components\RotateToFaceMouse.cpp">
      <Filter>Source Files\Components</Filter>
    </ClCompile>
    <ClCompile Include="Components\ShipThrusters.cpp">
      <Filter>Source Files\Components</Filter>
    </ClCompile>
    <ClCompile Include="Components\SmoothCameraFollow.cpp">
      <Filter>Source Files\Components</Filter>
    </ClCompile>
    <ClCompile Include="Components\Sprite.cpp">
      <Filter>Source Files\Components</Filter>
    </ClCompile>
    <ClCompile Include="Components\ThrusterInput.cpp">
      <Filter>Source Files\Components</Filter>
    </ClCompile>
    <ClCompile Include="GameTime.cpp">
      <Filter>Source Files</Filter>
    </ClCompile>
    <ClCompile Include="Components\GameWorldClickListener.cpp">
      <Filter>Source Files\Components</Filter>
    </ClCompile>
    <ClCompile Include="Components\DirectionalGun.cpp">
      <Filter>Source Files\Components</Filter>
    </ClCompile>
    <ClCompile Include="EntityFactory.cpp">
      <Filter>Source Files</Filter>
    </ClCompile>
    <ClCompile Include="Components\BulletPhysics.cpp">
      <Filter>Source Files\Components</Filter>
    </ClCompile>
    <ClCompile Include="Components\Lifetime.cpp">
      <Filter>Source Files\Components</Filter>
    </ClCompile>
    <ClCompile Include="Components\CollisionFilterComponent.cpp">
      <Filter>Source Files\Components</Filter>
    </ClCompile>
    <ClCompile Include="ContactFilter.cpp">
      <Filter>Source Files</Filter>
    </ClCompile>
    <ClCompile Include="Steering.cpp">
      <Filter>Source Files</Filter>
    </ClCompile>
    <ClCompile Include="ShipManeuvers.cpp">
      <Filter>Source Files</Filter>
    </ClCompile>
    <ClCompile Include="Components\ShipController.cpp">
      <Filter>Source Files\Components</Filter>
    </ClCompile>
    <ClCompile Include="Components\DirectionalKeyboardInput.cpp">
      <Filter>Source Files\Components</Filter>
    </ClCompile>
    <ClCompile Include="GameState.cpp">
      <Filter>Source Files\GameStates</Filter>
    </ClCompile>
    <ClCompile Include="Components\EntitySensor.cpp">
      <Filter>Source Files\Components</Filter>
    </ClCompile>
    <ClCompile Include="Components\ZoomHandler.cpp">
      <Filter>Source Files\Components</Filter>
    </ClCompile>
    <ClCompile Include="EntityHandle.cpp">
      <Filter>Source Files</Filter>
    </ClCompile>
    <ClCompile Include="EventQueue.cpp">
      <Filter>Source Files</Filter>
    </ClCompile>
    <ClCompile Include="Components\ShipAI.cpp">
      <Filter>Source Files\Components</Filter>
    </ClCompile>
    <ClCompile Include="EntityHelpers.cpp">
      <Filter>Source Files</Filter>
    </ClCompile>
    <ClCompile Include="Components\DamageOnAttacked.cpp">
      <Filter>Source Files\Components</Filter>
    </ClCompile>
    <ClCompile Include="ShipResourceSelector.cpp">
      <Filter>Source Files\Spawning</Filter>
    </ClCompile>
    <ClCompile Include="SpawnLocationSelector.cpp">
      <Filter>Source Files\Spawning</Filter>
    </ClCompile>
    <ClCompile Include="Components\ShipSpawner.cpp">
      <Filter>Source Files\Components</Filter>
    </ClCompile>
    <ClCompile Include="Components\PlayerDeathBroadcaster.cpp">
      <Filter>Source Files\Components</Filter>
    </ClCompile>
    <ClCompile Include="Animation.cpp">
      <Filter>Source Files</Filter>
    </ClCompile>
    <ClCompile Include="SpriteHelpers.cpp">
      <Filter>Source Files</Filter>
    </ClCompile>
    <ClCompile Include="Components\ThrusterAnimator.cpp">
      <Filter>Source Files\Components</Filter>
    </ClCompile>
    <ClCompile Include="Components\SoundListener.cpp">
      <Filter>Source Files\Components</Filter>
    </ClCompile>
    <ClCompile Include="Components\SoundSource.cpp">
      <Filter>Source Files\Components</Filter>
    </ClCompile>
    <ClCompile Include="Components\MusicSource.cpp">
      <Filter>Source Files\Components</Filter>
    </ClCompile>
    <ClCompile Include="Components\TilingBackground.cpp">
      <Filter>Source Files\Components</Filter>
    </ClCompile>
    <ClCompile Include="ResourceLoader.cpp">
      <Filter>Source Files\DataManagement</Filter>
    </ClCompile>
    <ClCompile Include="Components\KeyListener.cpp">
      <Filter>Source Files\Components</Filter>
    </ClCompile>
    <ClCompile Include="UI\UI.cpp">
      <Filter>Source Files\UI</Filter>
    </ClCompile>
    <ClCompile Include="Components\Text.cpp">
      <Filter>Source Files\Components</Filter>
    </ClCompile>
    <ClCompile Include="UI\ShipEditorWindow.cpp">
      <Filter>Source Files\UI</Filter>
    </ClCompile>
    <ClCompile Include="UI\GameWindow.cpp">
      <Filter>Source Files\UI</Filter>
    </ClCompile>
    <ClCompile Include="FileSystem.cpp">
      <Filter>Source Files\DataManagement</Filter>
    </ClCompile>
    <ClCompile Include="UI\ImageSelector.cpp">
      <Filter>Source Files\UI</Filter>
    </ClCompile>
    <ClCompile Include="UI\HardPointEditor.cpp">
      <Filter>Source Files\UI</Filter>
    </ClCompile>
    <ClCompile Include="UI\HardPointWidget.cpp">
      <Filter>Source Files\UI\HardPointEditorElements</Filter>
    </ClCompile>
    <ClCompile Include="PlayerData.cpp">
      <Filter>Source Files</Filter>
    </ClCompile>
    <ClCompile Include="Components\ParallaxTargetAssigner.cpp">
      <Filter>Source Files\Components</Filter>
    </ClCompile>
    <ClCompile Include="UI\ColliderEditor.cpp">
      <Filter>Source Files\UI</Filter>
    </ClCompile>
    <ClCompile Include="UI\WidgetHelpers.cpp">
      <Filter>Source Files\UI</Filter>
    </ClCompile>
    <ClCompile Include="UI\ThrusterLocationEditor.cpp">
      <Filter>Source Files\UI</Filter>
    </ClCompile>
    <ClCompile Include="UI\ConfirmationDialog.cpp">
      <Filter>Source Files\UI</Filter>
    </ClCompile>
    <ClCompile Include="Components\Shields.cpp">
      <Filter>Source Files\Components</Filter>
    </ClCompile>
    <ClCompile Include="Components\ShieldHitAnimator.cpp">
      <Filter>Source Files\Components</Filter>
    </ClCompile>
    <ClCompile Include="UI\ShieldStateDisplay.cpp">
      <Filter>Source Files\UI</Filter>
    </ClCompile>
    <ClCompile Include="RenderBatch.cpp">
      <Filter>Source Files</Filter>
    </ClCompile>
    <ClCompile Include="UI\InventoryWindow.cpp">
      <Filter>Source Files\UI</Filter>
    </ClCompile>
    <ClCompile Include="Components\Inventory.cpp">
      <Filter>Source Files\Components</Filter>
    </ClCompile>
    <ClCompile Include="AnimationDefinition.cpp">
      <Filter>Source Files</Filter>
    </ClCompile>
    <ClCompile Include="Components\ItemPickup.cpp">
      <Filter>Source Files\Components</Filter>
    </ClCompile>
    <ClCompile Include="UI\StationTradeWindow.cpp">
      <Filter>Source Files\UI</Filter>
    </ClCompile>
    <ClCompile Include="UI\StationWindow.cpp">
      <Filter>Source Files\UI</Filter>
    </ClCompile>
    <ClCompile Include="UI\InventoryItemWidget.cpp">
      <Filter>Source Files\UI\InventoryElements</Filter>
    </ClCompile>
    <ClCompile Include="UI\InventoryWidget.cpp">
      <Filter>Source Files\UI</Filter>
    </ClCompile>
    <ClCompile Include="Item.cpp">
      <Filter>Source Files\Economy</Filter>
    </ClCompile>
    <ClCompile Include="ItemPrice.cpp">
      <Filter>Source Files\Economy</Filter>
    </ClCompile>
    <ClCompile Include="ItemPriceSet.cpp">
      <Filter>Source Files\Economy</Filter>
    </ClCompile>
    <ClCompile Include="Economy.cpp">
      <Filter>Source Files\Economy</Filter>
    </ClCompile>
    <ClCompile Include="Components\EconomyAgent.cpp">
      <Filter>Source Files\Components</Filter>
    </ClCompile>
    <ClCompile Include="PriceSupplier.cpp">
      <Filter>Source Files\Economy</Filter>
    </ClCompile>
    <ClCompile Include="EconomyID.cpp">
      <Filter>Source Files\Economy</Filter>
    </ClCompile>
    <ClCompile Include="TextureMap.cpp">
      <Filter>Source Files</Filter>
    </ClCompile>
    <ClCompile Include="Components\Component.cpp">
      <Filter>Source Files\Components</Filter>
    </ClCompile>
    <ClCompile Include="ComponentSerializer.cpp">
      <Filter>Source Files</Filter>
    </ClCompile>
    <ClCompile Include="EntityInitializer.cpp">
      <Filter>Source Files</Filter>
    </ClCompile>
    <ClCompile Include="Components\Animator.cpp">
      <Filter>Source Files\Components</Filter>
    </ClCompile>
    <ClCompile Include="stdafx.cpp">
      <Filter>Source Files</Filter>
    </ClCompile>
    <ClCompile Include="Components\MissileLauncher.cpp">
      <Filter>Source Files\Components</Filter>
    </ClCompile>
    <ClCompile Include="Components\MissilePhysics.cpp">
      <Filter>Source Files\Components</Filter>
    </ClCompile>
    <ClCompile Include="Components\MissileController.cpp">
      <Filter>Source Files\Components</Filter>
    </ClCompile>
    <ClCompile Include="UI\LaserRigEditorWidget.cpp">
      <Filter>Source Files\UI\RigEditorElements</Filter>
    </ClCompile>
    <ClCompile Include="UI\UIDefaults.cpp">
      <Filter>Source Files\UI</Filter>
    </ClCompile>
    <ClCompile Include="UI\StringEntryPopup.cpp">
      <Filter>Source Files\UI</Filter>
    </ClCompile>
    <ClCompile Include="UI\RigEditor.cpp">
      <Filter>Source Files\UI\RigEditorElements</Filter>
    </ClCompile>
    <ClCompile Include="UI\RigTypeSelector.cpp">
      <Filter>Source Files\UI\RigEditorElements</Filter>
    </ClCompile>
    <ClCompile Include="UI\MissileRigEditorWidget.cpp">
      <Filter>Source Files\UI\RigEditorElements</Filter>
    </ClCompile>
    <ClCompile Include="Event.cpp">
      <Filter>Source Files</Filter>
    </ClCompile>
    <ClCompile Include="UI\ItemDragHandler.cpp">
      <Filter>Source Files\UI</Filter>
    </ClCompile>
    <ClCompile Include="UI\ContextMenu.cpp">
      <Filter>Source Files\UI</Filter>
    </ClCompile>
    <ClCompile Include="UI\ContextProvider.cpp">
      <Filter>Source Files\UI</Filter>
    </ClCompile>
  </ItemGroup>
  <ItemGroup>
    <ClInclude Include="Entity.h">
      <Filter>Header Files</Filter>
    </ClInclude>
    <ClInclude Include="EntityManager.h">
      <Filter>Header Files</Filter>
    </ClInclude>
    <ClInclude Include="GameState.h">
      <Filter>Header Files\GameStates</Filter>
    </ClInclude>
    <ClInclude Include="GameStateManager.h">
      <Filter>Header Files\GameStates</Filter>
    </ClInclude>
    <ClInclude Include="InitialGameState.h">
      <Filter>Header Files\GameStates</Filter>
    </ClInclude>
    <ClInclude Include="Box2D.h">
      <Filter>Header Files</Filter>
    </ClInclude>
    <ClInclude Include="WorldConstants.h">
      <Filter>Header Files</Filter>
    </ClInclude>
    <ClInclude Include="PhysicsStepper.h">
      <Filter>Header Files</Filter>
    </ClInclude>
    <ClInclude Include="VectorMath.h">
      <Filter>Header Files</Filter>
    </ClInclude>
    <ClInclude Include="resource.h">
      <Filter>Header Files</Filter>
    </ClInclude>
    <ClInclude Include="Components\CirclePrimitive.h">
      <Filter>Header Files\Components</Filter>
    </ClInclude>
    <ClInclude Include="Components\Component.h">
      <Filter>Header Files\Components</Filter>
    </ClInclude>
    <ClInclude Include="Components\DirectionalKeyboardInput.h">
      <Filter>Header Files\Components</Filter>
    </ClInclude>
    <ClInclude Include="Components\DirectionalVelocity.h">
      <Filter>Header Files\Components</Filter>
    </ClInclude>
    <ClInclude Include="Components\ParallaxMovement.h">
      <Filter>Header Files\Components</Filter>
    </ClInclude>
    <ClInclude Include="Components\Physics.h">
      <Filter>Header Files\Components</Filter>
    </ClInclude>
    <ClInclude Include="Components\Position.h">
      <Filter>Header Files\Components</Filter>
    </ClInclude>
    <ClInclude Include="Components\RectPrimitive.h">
      <Filter>Header Files\Components</Filter>
    </ClInclude>
    <ClInclude Include="Components\RotateToFaceMouse.h">
      <Filter>Header Files\Components</Filter>
    </ClInclude>
    <ClInclude Include="Components\Rotation.h">
      <Filter>Header Files\Components</Filter>
    </ClInclude>
    <ClInclude Include="Components\ShipThrusters.h">
      <Filter>Header Files\Components</Filter>
    </ClInclude>
    <ClInclude Include="Components\SmoothCameraFollow.h">
      <Filter>Header Files\Components</Filter>
    </ClInclude>
    <ClInclude Include="Components\Sprite.h">
      <Filter>Header Files\Components</Filter>
    </ClInclude>
    <ClInclude Include="Components\ThrusterInput.h">
      <Filter>Header Files\Components</Filter>
    </ClInclude>
    <ClInclude Include="GameTime.h">
      <Filter>Header Files</Filter>
    </ClInclude>
    <ClInclude Include="Components\GameWorldClickListener.h">
      <Filter>Header Files\Components</Filter>
    </ClInclude>
    <ClInclude Include="Components\DirectionalGun.h">
      <Filter>Header Files\Components</Filter>
    </ClInclude>
    <ClInclude Include="Interfaces\MouseListener.h">
      <Filter>Header Files\Interfaces</Filter>
    </ClInclude>
    <ClInclude Include="Components\FireGunOnClick.h">
      <Filter>Header Files\Components</Filter>
    </ClInclude>
    <ClInclude Include="Interfaces\Gun.h">
      <Filter>Header Files\Interfaces</Filter>
    </ClInclude>
    <ClInclude Include="EntityFactory.h">
      <Filter>Header Files</Filter>
    </ClInclude>
    <ClInclude Include="Components\BulletPhysics.h">
      <Filter>Header Files\Components</Filter>
    </ClInclude>
    <ClInclude Include="Components\Lifetime.h">
      <Filter>Header Files\Components</Filter>
    </ClInclude>
    <ClInclude Include="Components\CollisionFilterComponent.h">
      <Filter>Header Files\Components</Filter>
    </ClInclude>
    <ClInclude Include="ContactFilter.h">
      <Filter>Header Files</Filter>
    </ClInclude>
    <ClInclude Include="Steering.h">
      <Filter>Header Files</Filter>
    </ClInclude>
    <ClInclude Include="ExtendedMath.h">
      <Filter>Header Files</Filter>
    </ClInclude>
    <ClInclude Include="ShipManeuvers.h">
      <Filter>Header Files</Filter>
    </ClInclude>
    <ClInclude Include="Components\ShipController.h">
      <Filter>Header Files\Components</Filter>
    </ClInclude>
    <ClInclude Include="EntityGroups.h">
      <Filter>Header Files</Filter>
    </ClInclude>
    <ClInclude Include="CollisionGroups.h">
      <Filter>Header Files</Filter>
    </ClInclude>
    <ClInclude Include="Components\EntitySensor.h">
      <Filter>Header Files\Components</Filter>
    </ClInclude>
    <ClInclude Include="Components\ZoomHandler.h">
      <Filter>Header Files\Components</Filter>
    </ClInclude>
    <ClInclude Include="EntityID.h">
      <Filter>Header Files</Filter>
    </ClInclude>
    <ClInclude Include="EntityHandle.h">
      <Filter>Header Files</Filter>
    </ClInclude>
    <ClInclude Include="Group.h">
      <Filter>Header Files</Filter>
    </ClInclude>
    <ClInclude Include="EventQueue.h">
      <Filter>Header Files</Filter>
    </ClInclude>
    <ClInclude Include="Event.h">
      <Filter>Header Files</Filter>
    </ClInclude>
    <ClInclude Include="Components\ShipAI.h">
      <Filter>Header Files\Components</Filter>
    </ClInclude>
    <ClInclude Include="EntityHelpers.h">
      <Filter>Header Files</Filter>
    </ClInclude>
    <ClInclude Include="Components\Health.h">
      <Filter>Header Files\Components</Filter>
    </ClInclude>
    <ClInclude Include="Components\DamageOnAttacked.h">
      <Filter>Header Files\Components</Filter>
    </ClInclude>
    <ClInclude Include="Components\ShipSpawner.h">
      <Filter>Header Files\Components</Filter>
    </ClInclude>
    <ClInclude Include="ShipResourceSelector.h">
      <Filter>Header Files\Spawning</Filter>
    </ClInclude>
    <ClInclude Include="SpawnLocationSelector.h">
      <Filter>Header Files\Spawning</Filter>
    </ClInclude>
    <ClInclude Include="Components\PlayerDeathBroadcaster.h">
      <Filter>Header Files\Components</Filter>
    </ClInclude>
    <ClInclude Include="Animation.h">
      <Filter>Header Files</Filter>
    </ClInclude>
    <ClInclude Include="OriginOption.h">
      <Filter>Header Files</Filter>
    </ClInclude>
    <ClInclude Include="SpriteHelpers.h">
      <Filter>Header Files</Filter>
    </ClInclude>
    <ClInclude Include="Components\ThrusterAnimator.h">
      <Filter>Header Files\Components</Filter>
    </ClInclude>
    <ClInclude Include="Components\SoundListener.h">
      <Filter>Header Files\Components</Filter>
    </ClInclude>
    <ClInclude Include="Components\SoundSource.h">
      <Filter>Header Files\Components</Filter>
    </ClInclude>
    <ClInclude Include="Components\MusicSource.h">
      <Filter>Header Files\Components</Filter>
    </ClInclude>
    <ClInclude Include="Components\GunHeatUIDisplay.h">
      <Filter>Header Files\Components</Filter>
    </ClInclude>
    <ClInclude Include="Components\TilingBackground.h">
      <Filter>Header Files\Components</Filter>
    </ClInclude>
    <ClInclude Include="ResourceLoader.h">
      <Filter>Header Files\DataManagement</Filter>
    </ClInclude>
    <ClInclude Include="ShipStats.h">
      <Filter>Header Files\DataManagement</Filter>
    </ClInclude>
    <ClInclude Include="Box2DSerialization.h">
      <Filter>Header Files</Filter>
    </ClInclude>
    <ClInclude Include="Serializer.h">
      <Filter>Header Files\DataManagement</Filter>
    </ClInclude>
    <ClInclude Include="Interfaces\Sensor.h">
      <Filter>Header Files\Interfaces</Filter>
    </ClInclude>
    <ClInclude Include="Interfaces\ComponentSensor.h">
      <Filter>Header Files\Interfaces</Filter>
    </ClInclude>
    <ClInclude Include="Components\KeyListener.h">
      <Filter>Header Files\Components</Filter>
    </ClInclude>
    <ClInclude Include="UI\UI.h">
      <Filter>Header Files\UI</Filter>
    </ClInclude>
    <ClInclude Include="Components\Text.h">
      <Filter>Header Files\Components</Filter>
    </ClInclude>
    <ClInclude Include="UI\ShipEditorWindow.h">
      <Filter>Header Files\UI</Filter>
    </ClInclude>
    <ClInclude Include="UI\GameWindow.h">
      <Filter>Header Files\UI</Filter>
    </ClInclude>
    <ClInclude Include="FileSystem.h">
      <Filter>Header Files\DataManagement</Filter>
    </ClInclude>
    <ClInclude Include="UI\ShipSelector.h">
      <Filter>Header Files\UI</Filter>
    </ClInclude>
    <ClInclude Include="UI\ImageSelector.h">
      <Filter>Header Files\UI</Filter>
    </ClInclude>
    <ClInclude Include="UI\ShipNameEntry.h">
      <Filter>Header Files\UI</Filter>
    </ClInclude>
    <ClInclude Include="SFMLSerialization.h">
      <Filter>Header Files</Filter>
    </ClInclude>
    <ClInclude Include="UI\StationWindow.h">
      <Filter>Header Files\UI</Filter>
    </ClInclude>
    <ClInclude Include="UI\HardPointEditor.h">
      <Filter>Header Files\UI</Filter>
    </ClInclude>
    <ClInclude Include="UI\HardPointWidget.h">
      <Filter>Header Files\UI\HardPointEditorElements</Filter>
    </ClInclude>
    <ClInclude Include="PlayerData.h">
      <Filter>Header Files</Filter>
    </ClInclude>
    <ClInclude Include="Components\ParallaxTargetAssigner.h">
      <Filter>Header Files\Components</Filter>
    </ClInclude>
    <ClInclude Include="UI\ColliderEditor.h">
      <Filter>Header Files\UI</Filter>
    </ClInclude>
    <ClInclude Include="UI\WidgetHelpers.h">
      <Filter>Header Files\UI</Filter>
    </ClInclude>
    <ClInclude Include="UI\ThrusterLocationEditor.h">
      <Filter>Header Files\UI</Filter>
    </ClInclude>
    <ClInclude Include="UI\ConfirmationDialog.h">
      <Filter>Header Files\UI</Filter>
    </ClInclude>
    <ClInclude Include="Interfaces\AttackEventModifier.h">
      <Filter>Header Files\Interfaces</Filter>
    </ClInclude>
    <ClInclude Include="Components\Shields.h">
      <Filter>Header Files\Components</Filter>
    </ClInclude>
    <ClInclude Include="Components\ShieldHitAnimator.h">
      <Filter>Header Files\Components</Filter>
    </ClInclude>
    <ClInclude Include="UI\ShieldStateDisplay.h">
      <Filter>Header Files\UI</Filter>
    </ClInclude>
    <ClInclude Include="RenderBatch.h">
      <Filter>Header Files</Filter>
    </ClInclude>
    <ClInclude Include="UI\InventoryWindow.h">
      <Filter>Header Files\UI</Filter>
    </ClInclude>
    <ClInclude Include="Components\Inventory.h">
      <Filter>Header Files\Components</Filter>
    </ClInclude>
    <ClInclude Include="AnimationDefinition.h">
      <Filter>Header Files</Filter>
    </ClInclude>
    <ClInclude Include="Components\ItemPickup.h">
      <Filter>Header Files\Components</Filter>
    </ClInclude>
    <ClInclude Include="UI\StationTradeWindow.h">
      <Filter>Header Files\UI</Filter>
    </ClInclude>
    <ClInclude Include="UI\InventoryItemWidget.h">
      <Filter>Header Files\UI\InventoryElements</Filter>
    </ClInclude>
    <ClInclude Include="UI\InventoryWidget.h">
      <Filter>Header Files\UI</Filter>
    </ClInclude>
    <ClInclude Include="stdafx.h">
      <Filter>Header Files</Filter>
    </ClInclude>
    <ClInclude Include="Item.h">
      <Filter>Header Files\Economy</Filter>
    </ClInclude>
    <ClInclude Include="ItemPrice.h">
      <Filter>Header Files\Economy</Filter>
    </ClInclude>
    <ClInclude Include="ItemPriceSet.h">
      <Filter>Header Files\Economy</Filter>
    </ClInclude>
    <ClInclude Include="Economy.h">
      <Filter>Header Files\Economy</Filter>
    </ClInclude>
    <ClInclude Include="Components\EconomyAgent.h">
      <Filter>Header Files\Components</Filter>
    </ClInclude>
    <ClInclude Include="EconomyID.h">
      <Filter>Header Files\Economy</Filter>
    </ClInclude>
    <ClInclude Include="PriceSupplier.h">
      <Filter>Header Files\Economy</Filter>
    </ClInclude>
    <ClInclude Include="TextureMap.h">
      <Filter>Header Files</Filter>
    </ClInclude>
    <ClInclude Include="LevelLoader.h">
      <Filter>Header Files</Filter>
    </ClInclude>
    <ClInclude Include="DefaultSerializeable.h">
      <Filter>Header Files\Components</Filter>
    </ClInclude>
    <ClInclude Include="ComponentSerializer.h">
      <Filter>Header Files</Filter>
    </ClInclude>
    <ClInclude Include="Components\Components.h">
      <Filter>Header Files\Components</Filter>
    </ClInclude>
    <ClInclude Include="EntityInitializer.h">
      <Filter>Header Files</Filter>
    </ClInclude>
    <ClInclude Include="Components\ShipStatsComponent.h">
      <Filter>Header Files\Components</Filter>
    </ClInclude>
    <ClInclude Include="Components\Animator.h">
      <Filter>Header Files\Components</Filter>
    </ClInclude>
    <ClInclude Include="Components\MissileLauncher.h">
      <Filter>Header Files\Components</Filter>
    </ClInclude>
    <ClInclude Include="HardPoint.h">
      <Filter>Header Files</Filter>
    </ClInclude>
    <ClInclude Include="MissileStats.h">
      <Filter>Header Files\DataManagement</Filter>
    </ClInclude>
    <ClInclude Include="Components\MissilePhysics.h">
      <Filter>Header Files\Components</Filter>
    </ClInclude>
    <ClInclude Include="Components\MissileController.h">
      <Filter>Header Files\Components</Filter>
    </ClInclude>
    <ClInclude Include="Rig.h">
      <Filter>Header Files\Rigs</Filter>
    </ClInclude>
    <ClInclude Include="LaserRig.h">
      <Filter>Header Files\Rigs</Filter>
    </ClInclude>
    <ClInclude Include="UI\DataFileSelector.h">
      <Filter>Header Files\UI</Filter>
    </ClInclude>
    <ClInclude Include="StringHelper.h">
      <Filter>Header Files</Filter>
    </ClInclude>
    <ClInclude Include="UI\LaserRigEditorWidget.h">
      <Filter>Header Files\UI\RigEditorElements</Filter>
    </ClInclude>
    <ClInclude Include="UI\RigEditorWidget.h">
      <Filter>Header Files\UI\RigEditorElements</Filter>
    </ClInclude>
    <ClInclude Include="UI\UIDefaults.h">
      <Filter>Header Files\UI</Filter>
    </ClInclude>
    <ClInclude Include="UI\StringEntryPopup.h">
      <Filter>Header Files\UI</Filter>
    </ClInclude>
    <ClInclude Include="UI\RigSelector.h">
      <Filter>Header Files\UI\RigEditorElements</Filter>
    </ClInclude>
    <ClInclude Include="UI\RigEditor.h">
      <Filter>Header Files\UI\RigEditorElements</Filter>
    </ClInclude>
    <ClInclude Include="UI\RigTypeSelector.h">
      <Filter>Header Files\UI\RigEditorElements</Filter>
    </ClInclude>
    <ClInclude Include="UI\RigNameEntry.h">
      <Filter>Source Files\UI\RigEditorElements</Filter>
    </ClInclude>
    <ClInclude Include="MissileRig.h">
      <Filter>Header Files\Rigs</Filter>
    </ClInclude>
    <ClInclude Include="UI\MissileRigEditorWidget.h">
      <Filter>Header Files\UI\RigEditorElements</Filter>
    </ClInclude>
    <ClInclude Include="ProjectileStats.h">
      <Filter>Header Files\DataManagement</Filter>
    </ClInclude>
    <ClInclude Include="ItemFactory.h">
      <Filter>Header Files</Filter>
    </ClInclude>
    <ClInclude Include="UI\ItemDragHandler.h">
      <Filter>Header Files\UI</Filter>
    </ClInclude>
    <ClInclude Include="UI\ContextMenu.h">
      <Filter>Header Files\UI</Filter>
    </ClInclude>
    <ClInclude Include="UI\ContextProvider.h">
      <Filter>Header Files\UI</Filter>
    </ClInclude>
  </ItemGroup>
  <ItemGroup>
    <ResourceCompile Include="SFMLSpaceGame.rc">
      <Filter>Resource Files</Filter>
    </ResourceCompile>
  </ItemGroup>
  <ItemGroup>
    <Image Include="..\Images\basic_back.png">
      <Filter>Resource Files</Filter>
    </Image>
    <Image Include="..\Images\basic_down.png">
      <Filter>Resource Files</Filter>
    </Image>
    <Image Include="..\Images\basic_front.png">
      <Filter>Resource Files</Filter>
    </Image>
    <Image Include="..\Images\basic_left.png">
      <Filter>Resource Files</Filter>
    </Image>
    <Image Include="..\Images\basic_right.png">
      <Filter>Resource Files</Filter>
    </Image>
    <Image Include="..\Images\basic_up.png">
      <Filter>Resource Files</Filter>
    </Image>
  </ItemGroup>
  <ItemGroup>
    <None Include="..\Data\Human-Fighter.ship">
      <Filter>Data</Filter>
    </None>
    <None Include="..\Data\LaserOne.projectile">
      <Filter>Data</Filter>
    </None>
    <None Include="..\Data\Alien-One.ship">
      <Filter>Data</Filter>
    </None>
  </ItemGroup>
</Project>